{
  "version": 4,
  "terraform_version": "1.2.3",
  "serial": 4,
  "lineage": "9b343f6d-ec2e-2d06-0ea0-6ff94fe7449b",
  "outputs": {},
  "resources": [
    {
      "mode": "managed",
      "type": "aws_lambda_function",
      "name": "lambda-api",
      "provider": "provider[\"registry.terraform.io/hashicorp/aws\"]",
      "instances": [
        {
          "schema_version": 0,
          "attributes": {
            "architectures": [
              "x86_64"
            ],
            "arn": "arn:aws:lambda:us-east-1:459018586415:function:lambda-api",
            "code_signing_config_arn": "",
            "dead_letter_config": [],
            "description": "",
            "environment": [
              {
                "variables": {
                  "HOME": "/tmp"
                }
              }
            ],
            "ephemeral_storage": [
              {
                "size": 512
              }
            ],
            "file_system_config": [],
            "filename": null,
            "function_name": "lambda-api",
            "handler": "",
            "id": "lambda-api",
            "image_config": [],
            "image_uri": "459018586415.dkr.ecr.us-east-1.amazonaws.com/lambda-api:latest",
            "invoke_arn": "arn:aws:apigateway:us-east-1:lambda:path/2015-03-31/functions/arn:aws:lambda:us-east-1:459018586415:function:lambda-api/invocations",
            "kms_key_arn": "",
            "last_modified": "2022-06-16T21:05:04.907+0000",
            "layers": null,
            "memory_size": 500,
            "package_type": "Image",
            "publish": false,
            "qualified_arn": "arn:aws:lambda:us-east-1:459018586415:function:lambda-api:$LATEST",
            "reserved_concurrent_executions": -1,
            "role": "arn:aws:iam::459018586415:role/service-role/lambda-api-role-hb6fczbh",
            "runtime": "",
            "s3_bucket": null,
            "s3_key": null,
            "s3_object_version": null,
            "signing_job_arn": "",
            "signing_profile_version_arn": "",
            "source_code_hash": "aa8708407f7371afd5525295659eba4a9272444b74bcb203536e94c8d34333ae",
            "source_code_size": 0,
            "tags": null,
            "tags_all": {},
            "timeout": 120,
            "timeouts": null,
            "tracing_config": [
              {
                "mode": "PassThrough"
              }
            ],
            "version": "$LATEST",
            "vpc_config": []
          },
          "sensitive_attributes": [],
          "private": "eyJlMmJmYjczMC1lY2FhLTExZTYtOGY4OC0zNDM2M2JjN2M0YzAiOnsiY3JlYXRlIjo2MDAwMDAwMDAwMDB9fQ=="
        }
      ]
    }
  ]
}
